
Microsoft Visual Studio Solution File, Format Version 12.00
# Visual Studio Express 2012 for Web
Project("{FAE04EC0-301F-11D3-BF4B-00C04F79EFBC}") = "DinDin.Web", "DinDin.Web\DinDin.Web.csproj", "{5CFC40D8-4B20-463A-9025-EE1D01138FFD}"
EndProject
Project("{FAE04EC0-301F-11D3-BF4B-00C04F79EFBC}") = "DinDin.Web.UI", "DinDin.Web.UI\DinDin.Web.UI.csproj", "{1D0159C7-4DFA-4884-999F-EB9755769DF1}"
EndProject
Global
	GlobalSection(SolutionConfigurationPlatforms) = preSolution
		Debug|Any CPU = Debug|Any CPU
		Release|Any CPU = Release|Any CPU
	EndGlobalSection
	GlobalSection(ProjectConfigurationPlatforms) = postSolution
		{5CFC40D8-4B20-463A-9025-EE1D01138FFD}.Debug|Any CPU.ActiveCfg = Debug|Any CPU
		{5CFC40D8-4B20-463A-9025-EE1D01138FFD}.Debug|Any CPU.Build.0 = Debug|Any CPU
		{5CFC40D8-4B20-463A-9025-EE1D01138FFD}.Release|Any CPU.ActiveCfg = Release|Any CPU
		{5CFC40D8-4B20-463A-9025-EE1D01138FFD}.Release|Any CPU.Build.0 = Release|Any CPU
		{1D0159C7-4DFA-4884-999F-EB9755769DF1}.Debug|Any CPU.ActiveCfg = Debug|Any CPU
		{1D0159C7-4DFA-4884-999F-EB9755769DF1}.Debug|Any CPU.Build.0 = Debug|Any CPU
		{1D0159C7-4DFA-4884-999F-EB9755769DF1}.Release|Any CPU.ActiveCfg = Release|Any CPU
		{1D0159C7-4DFA-4884-999F-EB9755769DF1}.Release|Any CPU.Build.0 = Release|Any CPU
	EndGlobalSection
	GlobalSection(SolutionProperties) = preSolution
		HideSolutionNode = FALSE
	EndGlobalSection
EndGlobal
